// !$*UTF8*$!
{
	archiveVersion = 1;
	classes = {
	};
	objectVersion = 46;
	objects = {

/* Begin PBXBuildFile section */
		EB6DFC5D1F18C9A500DC1A2A /* AppDelegate.swift in Sources */ = {isa = PBXBuildFile; fileRef = EB6DFC5C1F18C9A500DC1A2A /* AppDelegate.swift */; };
		EB6DFC5F1F18C9A500DC1A2A /* ViewController.swift in Sources */ = {isa = PBXBuildFile; fileRef = EB6DFC5E1F18C9A500DC1A2A /* ViewController.swift */; };
		EB6DFC621F18C9A500DC1A2A /* Main.storyboard in Resources */ = {isa = PBXBuildFile; fileRef = EB6DFC601F18C9A500DC1A2A /* Main.storyboard */; };
		EB6DFC641F18C9A500DC1A2A /* Assets.xcassets in Resources */ = {isa = PBXBuildFile; fileRef = EB6DFC631F18C9A500DC1A2A /* Assets.xcassets */; };
		EB6DFC671F18C9A500DC1A2A /* LaunchScreen.storyboard in Resources */ = {isa = PBXBuildFile; fileRef = EB6DFC651F18C9A500DC1A2A /* LaunchScreen.storyboard */; };
		EB6DFC6F1F18CA3700DC1A2A /* GoSlider.swift in Sources */ = {isa = PBXBuildFile; fileRef = EB6DFC6E1F18CA3700DC1A2A /* GoSlider.swift */; };
/* End PBXBuildFile section */

/* Begin PBXFileReference section */
		EB6DFC591F18C9A500DC1A2A /* goSlider.app */ = {isa = PBXFileReference; explicitFileType = wrapper.application; includeInIndex = 0; path = goSlider.app; sourceTree = BUILT_PRODUCTS_DIR; };
		EB6DFC5C1F18C9A500DC1A2A /* AppDelegate.swift */ = {isa = PBXFileReference; lastKnownFileType = sourcecode.swift; path = AppDelegate.swift; sourceTree = "<group>"; };
		EB6DFC5E1F18C9A500DC1A2A /* ViewController.swift */ = {isa = PBXFileReference; lastKnownFileType = sourcecode.swift; path = ViewController.swift; sourceTree = "<group>"; };
		EB6DFC611F18C9A500DC1A2A /* Base */ = {isa = PBXFileReference; lastKnownFileType = file.storyboard; name = Base; path = Base.lproj/Main.storyboard; sourceTree = "<group>"; };
		EB6DFC631F18C9A500DC1A2A /* Assets.xcassets */ = {isa = PBXFileReference; lastKnownFileType = folder.assetcatalog; path = Assets.xcassets; sourceTree = "<group>"; };
		EB6DFC661F18C9A500DC1A2A /* Base */ = {isa = PBXFileReference; lastKnownFileType = file.storyboard; name = Base; path = Base.lproj/LaunchScreen.storyboard; sourceTree = "<group>"; };
		EB6DFC681F18C9A500DC1A2A /* Info.plist */ = {isa = PBXFileReference; lastKnownFileType = text.plist.xml; path = Info.plist; sourceTree = "<group>"; };
		EB6DFC6E1F18CA3700DC1A2A /* GoSlider.swift */ = {isa = PBXFileReference; fileEncoding = 4; lastKnownFileType = sourcecode.swift; path = GoSlider.swift; sourceTree = "<group>"; };
/* End PBXFileReference section */

/* Begin PBXFrameworksBuildPhase section */
		EB6DFC561F18C9A500DC1A2A /* Frameworks */ = {
			isa = PBXFrameworksBuildPhase;
			buildActionMask = 2147483647;
			files = (
			);
			runOnlyForDeploymentPostprocessing = 0;
		};
/* End PBXFrameworksBuildPhase section */

/* Begin PBXGroup section */
		EB6DFC501F18C9A500DC1A2A = {
			isa = PBXGroup;
			children = (
				EB6DFC5B1F18C9A500DC1A2A /* goSlider */,
				EB6DFC5A1F18C9A500DC1A2A /* Products */,
			);
			sourceTree = "<group>";
		};
		EB6DFC5A1F18C9A500DC1A2A /* Products */ = {
			isa = PBXGroup;
			children = (
				EB6DFC591F18C9A500DC1A2A /* goSlider.app */,
			);
			name = Products;
			sourceTree = "<group>";
		};
		EB6DFC5B1F18C9A500DC1A2A /* goSlider */ = {
			isa = PBXGroup;
			children = (
				EB6DFC5C1F18C9A500DC1A2A /* AppDelegate.swift */,
				EB6DFC5E1F18C9A500DC1A2A /* ViewController.swift */,
				EB6DFC6E1F18CA3700DC1A2A /* GoSlider.swift */,
				EB6DFC601F18C9A500DC1A2A /* Main.storyboard */,
				EB6DFC631F18C9A500DC1A2A /* Assets.xcassets */,
				EB6DFC651F18C9A500DC1A2A /* LaunchScreen.storyboard */,
				EB6DFC681F18C9A500DC1A2A /* Info.plist */,
			);
			path = goSlider;
			sourceTree = "<group>";
		};
/* End PBXGroup section */

/* Begin PBXNativeTarget section */
		EB6DFC581F18C9A500DC1A2A /* goSlider */ = {
			isa = PBXNativeTarget;
			buildConfigurationList = EB6DFC6B1F18C9A500DC1A2A /* Build configuration list for PBXNativeTarget "goSlider" */;
			buildPhases = (
				EB6DFC551F18C9A500DC1A2A /* Sources */,
				EB6DFC561F18C9A500DC1A2A /* Frameworks */,
				EB6DFC571F18C9A500DC1A2A /* Resources */,
			);
			buildRules = (
			);
			dependencies = (
			);
			name = goSlider;
			productName = goSlider;
			productReference = EB6DFC591F18C9A500DC1A2A /* goSlider.app */;
			productType = "com.apple.product-type.application";
		};
/* End PBXNativeTarget section */

/* Begin PBXProject section */
		EB6DFC511F18C9A500DC1A2A /* Project object */ = {
			isa = PBXProject;
			attributes = {
				LastSwiftUpdateCheck = 0830;
				LastUpgradeCheck = 0830;
				ORGANIZATIONNAME = "Thomas Guilleminot";
				TargetAttributes = {
					EB6DFC581F18C9A500DC1A2A = {
						CreatedOnToolsVersion = 8.3.3;
						DevelopmentTeam = XDX42S5M9N;
						ProvisioningStyle = Automatic;
					};
				};
			};
			buildConfigurationList = EB6DFC541F18C9A500DC1A2A /* Build configuration list for PBXProject "goSlider" */;
			compatibilityVersion = "Xcode 3.2";
			developmentRegion = English;
			hasScannedForEncodings = 0;
			knownRegions = (
				en,
				Base,
			);
			mainGroup = EB6DFC501F18C9A500DC1A2A;
			productRefGroup = EB6DFC5A1F18C9A500DC1A2A /* Products */;
			projectDirPath = "";
			projectRoot = "";
			targets = (
				EB6DFC581F18C9A500DC1A2A /* goSlider */,
			);
		};
/* End PBXProject section */

/* Begin PBXResourcesBuildPhase section */
		EB6DFC571F18C9A500DC1A2A /* Resources */ = {
			isa = PBXResourcesBuildPhase;
			buildActionMask = 2147483647;
			files = (
				EB6DFC671F18C9A500DC1A2A /* LaunchScreen.storyboard in Resources */,
				EB6DFC641F18C9A500DC1A2A /* Assets.xcassets in Resources */,
				EB6DFC621F18C9A500DC1A2A /* Main.storyboard in Resources */,
			);
			runOnlyForDeploymentPostprocessing = 0;
		};
/* End PBXResourcesBuildPhase section */

/* Begin PBXSourcesBuildPhase section */
		EB6DFC551F18C9A500DC1A2A /* Sources */ = {
			isa = PBXSourcesBuildPhase;
			buildActionMask = 2147483647;
			files = (
				EB6DFC6F1F18CA3700DC1A2A /* GoSlider.swift in Sources */,
				EB6DFC5F1F18C9A500DC1A2A /* ViewController.swift in Sources */,
				EB6DFC5D1F18C9A500DC1A2A /* AppDelegate.swift in Sources */,
			);
			runOnlyForDeploymentPostprocessing = 0;
		};
/* End PBXSourcesBuildPhase section */

/* Begin PBXVariantGroup section */
		EB6DFC601F18C9A500DC1A2A /* Main.storyboard */ = {
			isa = PBXVariantGroup;
			children = (
				EB6DFC611F18C9A500DC1A2A /* Base */,
			);
			name = Main.storyboard;
			sourceTree = "<group>";
		};
		EB6DFC651F18C9A500DC1A2A /* LaunchScreen.storyboard */ = {
			isa = PBXVariantGroup;
			children = (
				EB6DFC661F18C9A500DC1A2A /* Base */,
			);
			name = LaunchScreen.storyboard;
			sourceTree = "<group>";
		};
/* End PBXVariantGroup section */

/* Begin XCBuildConfiguration section */
		EB6DFC691F18C9A500DC1A2A /* Debug */ = {
			isa = XCBuildConfiguration;
			buildSettings = {
				ALWAYS_SEARCH_USER_PATHS = NO;
				CLANG_ANALYZER_NONNULL = YES;
				CLANG_ANALYZER_NUMBER_OBJECT_CONVERSION = YES_AGGRESSIVE;
				CLANG_CXX_LANGUAGE_STANDARD = "gnu++0x";
				CLANG_CXX_LIBRARY = "libc++";
				CLANG_ENABLE_MODULES = YES;
				CLANG_ENABLE_OBJC_ARC = YES;
				CLANG_WARN_BOOL_CONVERSION = YES;
				CLANG_WARN_CONSTANT_CONVERSION = YES;
				CLANG_WARN_DIRECT_OBJC_ISA_USAGE = YES_ERROR;
				CLANG_WARN_DOCUMENTATION_COMMENTS = YES;
				CLANG_WARN_EMPTY_BODY = YES;
				CLANG_WARN_ENUM_CONVERSION = YES;
				CLANG_WARN_INFINITE_RECURSION = YES;
				CLANG_WARN_INT_CONVERSION = YES;
				CLANG_WARN_OBJC_ROOT_CLASS = YES_ERROR;
				CLANG_WARN_SUSPICIOUS_MOVE = YES;
				CLANG_WARN_UNREACHABLE_CODE = YES;
				CLANG_WARN__DUPLICATE_METHOD_MATCH = YES;
				"CODE_SIGN_IDENTITY[sdk=iphoneos*]" = "iPhone Developer";
				COPY_PHASE_STRIP = NO;
				DEBUG_INFORMATION_FORMAT = dwarf;
				ENABLE_STRICT_OBJC_MSGSEND = YES;
				ENABLE_TESTABILITY = YES;
				GCC_C_LANGUAGE_STANDARD = gnu99;
				GCC_DYNAMIC_NO_PIC = NO;
				GCC_NO_COMMON_BLOCKS = YES;
				GCC_OPTIMIZATION_LEVEL = 0;
				GCC_PREPROCESSOR_DEFINITIONS = (
					"DEBUG=1",
					"$(inherited)",
				);
				GCC_WARN_64_TO_32_BIT_CONVERSION = YES;
				GCC_WARN_ABOUT_RETURN_TYPE = YES_ERROR;
				GCC_WARN_UNDECLARED_SELECTOR = YES;
				GCC_WARN_UNINITIALIZED_AUTOS = YES_AGGRESSIVE;
				GCC_WARN_UNUSED_FUNCTION = YES;
				GCC_WARN_UNUSED_VARIABLE = YES;
				IPHONEOS_DEPLOYMENT_TARGET = 10.3;
				MTL_ENABLE_DEBUG_INFO = YES;
				ONLY_ACTIVE_ARCH = YES;
				SDKROOT = iphoneos;
				SWIFT_ACTIVE_COMPILATION_CONDITIONS = DEBUG;
				SWIFT_OPTIMIZATION_LEVEL = "-Onone";
				TARGETED_DEVICE_FAMILY = "1,2";
			};
			name = Debug;
		};
		EB6DFC6A1F18C9A500DC1A2A /* Release */ = {
			isa = XCBuildConfiguration;
			buildSettings = {
				ALWAYS_SEARCH_USER_PATHS = NO;
				CLANG_ANALYZER_NONNULL = YES;
				CLANG_ANALYZER_NUMBER_OBJECT_CONVERSION = YES_AGGRESSIVE;
				CLANG_CXX_LANGUAGE_STANDARD = "gnu++0x";
				CLANG_CXX_LIBRARY = "libc++";
				CLANG_ENABLE_MODULES = YES;
				CLANG_ENABLE_OBJC_ARC = YES;
				CLANG_WARN_BOOL_CONVERSION = YES;
				CLANG_WARN_CONSTANT_CONVERSION = YES;
				CLANG_WARN_DIRECT_OBJC_ISA_USAGE = YES_ERROR;
				CLANG_WARN_DOCUMENTATION_COMMENTS = YES;
				CLANG_WARN_EMPTY_BODY = YES;
				CLANG_WARN_ENUM_CONVERSION = YES;
				CLANG_WARN_INFINITE_RECURSION = YES;
				CLANG_WARN_INT_CONVERSION = YES;
				CLANG_WARN_OBJC_ROOT_CLASS = YES_ERROR;
				CLANG_WARN_SUSPICIOUS_MOVE = YES;
				CLANG_WARN_UNREACHABLE_CODE = YES;
				CLANG_WARN__DUPLICATE_METHOD_MATCH = YES;
				"CODE_SIGN_IDENTITY[sdk=iphoneos*]" = "iPhone Developer";
				COPY_PHASE_STRIP = NO;
				DEBUG_INFORMATION_FORMAT = "dwarf-with-dsym";
				ENABLE_NS_ASSERTIONS = NO;
				ENABLE_STRICT_OBJC_MSGSEND = YES;
				GCC_C_LANGUAGE_STANDARD = gnu99;
				GCC_NO_COMMON_BLOCKS = YES;
				GCC_WARN_64_TO_32_BIT_CONVERSION = YES;
				GCC_WARN_ABOUT_RETURN_TYPE = YES_ERROR;
				GCC_WARN_UNDECLARED_SELECTOR = YES;
				GCC_WARN_UNINITIALIZED_AUTOS = YES_AGGRESSIVE;
				GCC_WARN_UNUSED_FUNCTION = YES;
				GCC_WARN_UNUSED_VARIABLE = YES;
				IPHONEOS_DEPLOYMENT_TARGET = 10.3;
				MTL_ENABLE_DEBUG_INFO = NO;
				SDKROOT = iphoneos;
				SWIFT_OPTIMIZATION_LEVEL = "-Owholemodule";
				TARGETED_DEVICE_FAMILY = "1,2";
				VALIDATE_PRODUCT = YES;
			};
			name = Release;
		};
		EB6DFC6C1F18C9A500DC1A2A /* Debug */ = {
			isa = XCBuildConfiguration;
			buildSettings = {
				ASSETCATALOG_COMPILER_APPICON_NAME = AppIcon;
				DEVELOPMENT_TEAM = XDX42S5M9N;
				INFOPLIST_FILE = goSlider/Info.plist;
				LD_RUNPATH_SEARCH_PATHS = "$(inherited) @executable_path/Frameworks";
				PRODUCT_BUNDLE_IDENTIFIER = com.zlatan.goSlider;
				PRODUCT_NAME = "$(TARGET_NAME)";
				SWIFT_VERSION = 3.0;
			};
			name = Debug;
		};
		EB6DFC6D1F18C9A500DC1A2A /* Release */ = {
			isa = XCBuildConfiguration;
			buildSettings = {
				ASSETCATALOG_COMPILER_APPICON_NAME = AppIcon;
				DEVELOPMENT_TEAM = XDX42S5M9N;
				INFOPLIST_FILE = goSlider/Info.plist;
				LD_RUNPATH_SEARCH_PATHS = "$(inherited) @executable_path/Frameworks";
				PRODUCT_BUNDLE_IDENTIFIER = com.zlatan.goSlider;
				PRODUCT_NAME = "$(TARGET_NAME)";
				SWIFT_VERSION = 3.0;
			};
			name = Release;
		};
/* End XCBuildConfiguration section */

/* Begin XCConfigurationList section */
		EB6DFC541F18C9A500DC1A2A /* Build configuration list for PBXProject "goSlider" */ = {
			isa = XCConfigurationList;
			buildConfigurations = (
				EB6DFC691F18C9A500DC1A2A /* Debug */,
				EB6DFC6A1F18C9A500DC1A2A /* Release */,
			);
			defaultConfigurationIsVisible = 0;
			defaultConfigurationName = Release;
		};
		EB6DFC6B1F18C9A500DC1A2A /* Build configuration list for PBXNativeTarget "goSlider" */ = {
			isa = XCConfigurationList;
			buildConfigurations = (
				EB6DFC6C1F18C9A500DC1A2A /* Debug */,
				EB6DFC6D1F18C9A500DC1A2A /* Release */,
			);
			defaultConfigurationIsVisible = 0;
		};
/* End XCConfigurationList section */
	};
	rootObject = EB6DFC511F18C9A500DC1A2A /* Project object */;
}
